// !$*UTF8*$!
{
	archiveVersion = 1;
	classes = {
	};
	objectVersion = 56;
	objects = {

/* Begin PBXBuildFile section */
		EF0B3DE12AD5F5E30051395E /* CheckboxToggleStyle.swift in Sources */ = {isa = PBXBuildFile; fileRef = EF0B3DE02AD5F5E30051395E /* CheckboxToggleStyle.swift */; };
		EF0B3DE42AD5FDCB0051395E /* CreateTaskButtonView.swift in Sources */ = {isa = PBXBuildFile; fileRef = EF0B3DE32AD5FDCB0051395E /* CreateTaskButtonView.swift */; };
		EF11AFF92AD4A3A7004CB77E /* unblockApp.swift in Sources */ = {isa = PBXBuildFile; fileRef = EF11AFF82AD4A3A7004CB77E /* unblockApp.swift */; };
		EF11AFFB2AD4A3A7004CB77E /* TaskListView.swift in Sources */ = {isa = PBXBuildFile; fileRef = EF11AFFA2AD4A3A7004CB77E /* TaskListView.swift */; };
		EF11AFFD2AD4A3A8004CB77E /* Assets.xcassets in Resources */ = {isa = PBXBuildFile; fileRef = EF11AFFC2AD4A3A8004CB77E /* Assets.xcassets */; };
		EF11B0002AD4A3A8004CB77E /* Preview Assets.xcassets in Resources */ = {isa = PBXBuildFile; fileRef = EF11AFFF2AD4A3A8004CB77E /* Preview Assets.xcassets */; };
		EF11B0072AD4A663004CB77E /* TaskView.swift in Sources */ = {isa = PBXBuildFile; fileRef = EF11B0062AD4A663004CB77E /* TaskView.swift */; };
		EFCA28A32AD4BC220058A377 /* TaskInputView.swift in Sources */ = {isa = PBXBuildFile; fileRef = EFCA28A22AD4BC220058A377 /* TaskInputView.swift */; };
/* End PBXBuildFile section */

/* Begin PBXFileReference section */
		EF0B3DE02AD5F5E30051395E /* CheckboxToggleStyle.swift */ = {isa = PBXFileReference; lastKnownFileType = sourcecode.swift; path = CheckboxToggleStyle.swift; sourceTree = "<group>"; };
		EF0B3DE32AD5FDCB0051395E /* CreateTaskButtonView.swift */ = {isa = PBXFileReference; lastKnownFileType = sourcecode.swift; path = CreateTaskButtonView.swift; sourceTree = "<group>"; };
		EF11AFF52AD4A3A7004CB77E /* unblock.app */ = {isa = PBXFileReference; explicitFileType = wrapper.application; includeInIndex = 0; path = unblock.app; sourceTree = BUILT_PRODUCTS_DIR; };
		EF11AFF82AD4A3A7004CB77E /* unblockApp.swift */ = {isa = PBXFileReference; lastKnownFileType = sourcecode.swift; path = unblockApp.swift; sourceTree = "<group>"; };
		EF11AFFA2AD4A3A7004CB77E /* TaskListView.swift */ = {isa = PBXFileReference; lastKnownFileType = sourcecode.swift; path = TaskListView.swift; sourceTree = "<group>"; };
		EF11AFFC2AD4A3A8004CB77E /* Assets.xcassets */ = {isa = PBXFileReference; lastKnownFileType = folder.assetcatalog; path = Assets.xcassets; sourceTree = "<group>"; };
		EF11AFFF2AD4A3A8004CB77E /* Preview Assets.xcassets */ = {isa = PBXFileReference; lastKnownFileType = folder.assetcatalog; path = "Preview Assets.xcassets"; sourceTree = "<group>"; };
		EF11B0062AD4A663004CB77E /* TaskView.swift */ = {isa = PBXFileReference; lastKnownFileType = sourcecode.swift; path = TaskView.swift; sourceTree = "<group>"; };
		EFCA28A22AD4BC220058A377 /* TaskInputView.swift */ = {isa = PBXFileReference; lastKnownFileType = sourcecode.swift; path = TaskInputView.swift; sourceTree = "<group>"; };
/* End PBXFileReference section */

/* Begin PBXFrameworksBuildPhase section */
		EF11AFF22AD4A3A7004CB77E /* Frameworks */ = {
			isa = PBXFrameworksBuildPhase;
			buildActionMask = 2147483647;
			files = (
			);
			runOnlyForDeploymentPostprocessing = 0;
		};
/* End PBXFrameworksBuildPhase section */

/* Begin PBXGroup section */
		EF0B3DE22AD5F6970051395E /* Styles */ = {
			isa = PBXGroup;
			children = (
				EF0B3DE02AD5F5E30051395E /* CheckboxToggleStyle.swift */,
			);
			path = Styles;
			sourceTree = "<group>";
		};
		EF11AFEC2AD4A3A7004CB77E = {
			isa = PBXGroup;
			children = (
				EF11AFF72AD4A3A7004CB77E /* unblock */,
				EF11AFF62AD4A3A7004CB77E /* Products */,
			);
			sourceTree = "<group>";
		};
		EF11AFF62AD4A3A7004CB77E /* Products */ = {
			isa = PBXGroup;
			children = (
				EF11AFF52AD4A3A7004CB77E /* unblock.app */,
			);
			name = Products;
			sourceTree = "<group>";
		};
		EF11AFF72AD4A3A7004CB77E /* unblock */ = {
			isa = PBXGroup;
			children = (
				EF0B3DE22AD5F6970051395E /* Styles */,
				EF16F8B42AD5CB29007E6231 /* Tasks */,
				EF11AFF82AD4A3A7004CB77E /* unblockApp.swift */,
				EF11AFFC2AD4A3A8004CB77E /* Assets.xcassets */,
				EF11AFFE2AD4A3A8004CB77E /* Preview Content */,
			);
			path = unblock;
			sourceTree = "<group>";
		};
		EF11AFFE2AD4A3A8004CB77E /* Preview Content */ = {
			isa = PBXGroup;
			children = (
				EF11AFFF2AD4A3A8004CB77E /* Preview Assets.xcassets */,
			);
			path = "Preview Content";
			sourceTree = "<group>";
		};
		EF16F8B42AD5CB29007E6231 /* Tasks */ = {
			isa = PBXGroup;
			children = (
				EFCA28A22AD4BC220058A377 /* TaskInputView.swift */,
				EF11AFFA2AD4A3A7004CB77E /* TaskListView.swift */,
				EF11B0062AD4A663004CB77E /* TaskView.swift */,
				EF0B3DE32AD5FDCB0051395E /* CreateTaskButtonView.swift */,
			);
			path = Tasks;
			sourceTree = "<group>";
		};
/* End PBXGroup section */

/* Begin PBXNativeTarget section */
		EF11AFF42AD4A3A7004CB77E /* unblock */ = {
			isa = PBXNativeTarget;
			buildConfigurationList = EF11B0032AD4A3A8004CB77E /* Build configuration list for PBXNativeTarget "unblock" */;
			buildPhases = (
				EF11AFF12AD4A3A7004CB77E /* Sources */,
				EF11AFF22AD4A3A7004CB77E /* Frameworks */,
				EF11AFF32AD4A3A7004CB77E /* Resources */,
			);
			buildRules = (
			);
			dependencies = (
			);
			name = unblock;
			productName = unblock;
			productReference = EF11AFF52AD4A3A7004CB77E /* unblock.app */;
			productType = "com.apple.product-type.application";
		};
/* End PBXNativeTarget section */

/* Begin PBXProject section */
		EF11AFED2AD4A3A7004CB77E /* Project object */ = {
			isa = PBXProject;
			attributes = {
				BuildIndependentTargetsInParallel = 1;
				LastSwiftUpdateCheck = 1500;
				LastUpgradeCheck = 1500;
				TargetAttributes = {
					EF11AFF42AD4A3A7004CB77E = {
						CreatedOnToolsVersion = 15.0;
					};
				};
			};
			buildConfigurationList = EF11AFF02AD4A3A7004CB77E /* Build configuration list for PBXProject "unblock" */;
			compatibilityVersion = "Xcode 14.0";
			developmentRegion = en;
			hasScannedForEncodings = 0;
			knownRegions = (
				en,
				Base,
			);
			mainGroup = EF11AFEC2AD4A3A7004CB77E;
			productRefGroup = EF11AFF62AD4A3A7004CB77E /* Products */;
			projectDirPath = "";
			projectRoot = "";
			targets = (
				EF11AFF42AD4A3A7004CB77E /* unblock */,
			);
		};
/* End PBXProject section */

/* Begin PBXResourcesBuildPhase section */
		EF11AFF32AD4A3A7004CB77E /* Resources */ = {
			isa = PBXResourcesBuildPhase;
			buildActionMask = 2147483647;
			files = (
				EF11B0002AD4A3A8004CB77E /* Preview Assets.xcassets in Resources */,
				EF11AFFD2AD4A3A8004CB77E /* Assets.xcassets in Resources */,
			);
			runOnlyForDeploymentPostprocessing = 0;
		};
/* End PBXResourcesBuildPhase section */

/* Begin PBXSourcesBuildPhase section */
		EF11AFF12AD4A3A7004CB77E /* Sources */ = {
			isa = PBXSourcesBuildPhase;
			buildActionMask = 2147483647;
			files = (
				EFCA28A32AD4BC220058A377 /* TaskInputView.swift in Sources */,
				EF0B3DE12AD5F5E30051395E /* CheckboxToggleStyle.swift in Sources */,
				EF11AFFB2AD4A3A7004CB77E /* TaskListView.swift in Sources */,
				EF0B3DE42AD5FDCB0051395E /* CreateTaskButtonView.swift in Sources */,
				EF11B0072AD4A663004CB77E /* TaskView.swift in Sources */,
				EF11AFF92AD4A3A7004CB77E /* unblockApp.swift in Sources */,
			);
			runOnlyForDeploymentPostprocessing = 0;
		};
/* End PBXSourcesBuildPhase section */

/* Begin XCBuildConfiguration section */
		EF11B0012AD4A3A8004CB77E /* Debug */ = {
			isa = XCBuildConfiguration;
			buildSettings = {
				ALWAYS_SEARCH_USER_PATHS = NO;
				ASSETCATALOG_COMPILER_GENERATE_SWIFT_ASSET_SYMBOL_EXTENSIONS = YES;
				CLANG_ANALYZER_NONNULL = YES;
				CLANG_ANALYZER_NUMBER_OBJECT_CONVERSION = YES_AGGRESSIVE;
				CLANG_CXX_LANGUAGE_STANDARD = "gnu++20";
				CLANG_ENABLE_MODULES = YES;
				CLANG_ENABLE_OBJC_ARC = YES;
				CLANG_ENABLE_OBJC_WEAK = YES;
				CLANG_WARN_BLOCK_CAPTURE_AUTORELEASING = YES;
				CLANG_WARN_BOOL_CONVERSION = YES;
				CLANG_WARN_COMMA = YES;
				CLANG_WARN_CONSTANT_CONVERSION = YES;
				CLANG_WARN_DEPRECATED_OBJC_IMPLEMENTATIONS = YES;
				CLANG_WARN_DIRECT_OBJC_ISA_USAGE = YES_ERROR;
				CLANG_WARN_DOCUMENTATION_COMMENTS = YES;
				CLANG_WARN_EMPTY_BODY = YES;
				CLANG_WARN_ENUM_CONVERSION = YES;
				CLANG_WARN_INFINITE_RECURSION = YES;
				CLANG_WARN_INT_CONVERSION = YES;
				CLANG_WARN_NON_LITERAL_NULL_CONVERSION = YES;
				CLANG_WARN_OBJC_IMPLICIT_RETAIN_SELF = YES;
				CLANG_WARN_OBJC_LITERAL_CONVERSION = YES;
				CLANG_WARN_OBJC_ROOT_CLASS = YES_ERROR;
				CLANG_WARN_QUOTED_INCLUDE_IN_FRAMEWORK_HEADER = YES;
				CLANG_WARN_RANGE_LOOP_ANALYSIS = YES;
				CLANG_WARN_STRICT_PROTOTYPES = YES;
				CLANG_WARN_SUSPICIOUS_MOVE = YES;
				CLANG_WARN_UNGUARDED_AVAILABILITY = YES_AGGRESSIVE;
				CLANG_WARN_UNREACHABLE_CODE = YES;
				CLANG_WARN__DUPLICATE_METHOD_MATCH = YES;
				COPY_PHASE_STRIP = NO;
				DEBUG_INFORMATION_FORMAT = dwarf;
				ENABLE_STRICT_OBJC_MSGSEND = YES;
				ENABLE_TESTABILITY = YES;
				ENABLE_USER_SCRIPT_SANDBOXING = YES;
				GCC_C_LANGUAGE_STANDARD = gnu17;
				GCC_DYNAMIC_NO_PIC = NO;
				GCC_NO_COMMON_BLOCKS = YES;
				GCC_OPTIMIZATION_LEVEL = 0;
				GCC_PREPROCESSOR_DEFINITIONS = (
					"DEBUG=1",
					"$(inherited)",
				);
				GCC_WARN_64_TO_32_BIT_CONVERSION = YES;
				GCC_WARN_ABOUT_RETURN_TYPE = YES_ERROR;
				GCC_WARN_UNDECLARED_SELECTOR = YES;
				GCC_WARN_UNINITIALIZED_AUTOS = YES_AGGRESSIVE;
				GCC_WARN_UNUSED_FUNCTION = YES;
				GCC_WARN_UNUSED_VARIABLE = YES;
				IPHONEOS_DEPLOYMENT_TARGET = 17.0;
				LOCALIZATION_PREFERS_STRING_CATALOGS = YES;
				MTL_ENABLE_DEBUG_INFO = INCLUDE_SOURCE;
				MTL_FAST_MATH = YES;
				ONLY_ACTIVE_ARCH = YES;
				SDKROOT = iphoneos;
				SWIFT_ACTIVE_COMPILATION_CONDITIONS = "DEBUG $(inherited)";
				SWIFT_OPTIMIZATION_LEVEL = "-Onone";
			};
			name = Debug;
		};
		EF11B0022AD4A3A8004CB77E /* Release */ = {
			isa = XCBuildConfiguration;
			buildSettings = {
				ALWAYS_SEARCH_USER_PATHS = NO;
				ASSETCATALOG_COMPILER_GENERATE_SWIFT_ASSET_SYMBOL_EXTENSIONS = YES;
				CLANG_ANALYZER_NONNULL = YES;
				CLANG_ANALYZER_NUMBER_OBJECT_CONVERSION = YES_AGGRESSIVE;
				CLANG_CXX_LANGUAGE_STANDARD = "gnu++20";
				CLANG_ENABLE_MODULES = YES;
				CLANG_ENABLE_OBJC_ARC = YES;
				CLANG_ENABLE_OBJC_WEAK = YES;
				CLANG_WARN_BLOCK_CAPTURE_AUTORELEASING = YES;
				CLANG_WARN_BOOL_CONVERSION = YES;
				CLANG_WARN_COMMA = YES;
				CLANG_WARN_CONSTANT_CONVERSION = YES;
				CLANG_WARN_DEPRECATED_OBJC_IMPLEMENTATIONS = YES;
				CLANG_WARN_DIRECT_OBJC_ISA_USAGE = YES_ERROR;
				CLANG_WARN_DOCUMENTATION_COMMENTS = YES;
				CLANG_WARN_EMPTY_BODY = YES;
				CLANG_WARN_ENUM_CONVERSION = YES;
				CLANG_WARN_INFINITE_RECURSION = YES;
				CLANG_WARN_INT_CONVERSION = YES;
				CLANG_WARN_NON_LITERAL_NULL_CONVERSION = YES;
				CLANG_WARN_OBJC_IMPLICIT_RETAIN_SELF = YES;
				CLANG_WARN_OBJC_LITERAL_CONVERSION = YES;
				CLANG_WARN_OBJC_ROOT_CLASS = YES_ERROR;
				CLANG_WARN_QUOTED_INCLUDE_IN_FRAMEWORK_HEADER = YES;
				CLANG_WARN_RANGE_LOOP_ANALYSIS = YES;
				CLANG_WARN_STRICT_PROTOTYPES = YES;
				CLANG_WARN_SUSPICIOUS_MOVE = YES;
				CLANG_WARN_UNGUARDED_AVAILABILITY = YES_AGGRESSIVE;
				CLANG_WARN_UNREACHABLE_CODE = YES;
				CLANG_WARN__DUPLICATE_METHOD_MATCH = YES;
				COPY_PHASE_STRIP = NO;
				DEBUG_INFORMATION_FORMAT = "dwarf-with-dsym";
				ENABLE_NS_ASSERTIONS = NO;
				ENABLE_STRICT_OBJC_MSGSEND = YES;
				ENABLE_USER_SCRIPT_SANDBOXING = YES;
				GCC_C_LANGUAGE_STANDARD = gnu17;
				GCC_NO_COMMON_BLOCKS = YES;
				GCC_WARN_64_TO_32_BIT_CONVERSION = YES;
				GCC_WARN_ABOUT_RETURN_TYPE = YES_ERROR;
				GCC_WARN_UNDECLARED_SELECTOR = YES;
				GCC_WARN_UNINITIALIZED_AUTOS = YES_AGGRESSIVE;
				GCC_WARN_UNUSED_FUNCTION = YES;
				GCC_WARN_UNUSED_VARIABLE = YES;
				IPHONEOS_DEPLOYMENT_TARGET = 17.0;
				LOCALIZATION_PREFERS_STRING_CATALOGS = YES;
				MTL_ENABLE_DEBUG_INFO = NO;
				MTL_FAST_MATH = YES;
				SDKROOT = iphoneos;
				SWIFT_COMPILATION_MODE = wholemodule;
				VALIDATE_PRODUCT = YES;
			};
			name = Release;
		};
		EF11B0042AD4A3A8004CB77E /* Debug */ = {
			isa = XCBuildConfiguration;
			buildSettings = {
				ASSETCATALOG_COMPILER_APPICON_NAME = AppIcon;
				ASSETCATALOG_COMPILER_GLOBAL_ACCENT_COLOR_NAME = AccentColor;
				CODE_SIGN_STYLE = Automatic;
				CURRENT_PROJECT_VERSION = 1;
				DEVELOPMENT_ASSET_PATHS = "\"unblock/Preview Content\"";
				ENABLE_PREVIEWS = YES;
				GENERATE_INFOPLIST_FILE = YES;
				INFOPLIST_KEY_UIApplicationSceneManifest_Generation = YES;
				INFOPLIST_KEY_UIApplicationSupportsIndirectInputEvents = YES;
				INFOPLIST_KEY_UILaunchScreen_Generation = YES;
				INFOPLIST_KEY_UISupportedInterfaceOrientations_iPad = "UIInterfaceOrientationPortrait UIInterfaceOrientationPortraitUpsideDown UIInterfaceOrientationLandscapeLeft UIInterfaceOrientationLandscapeRight";
				INFOPLIST_KEY_UISupportedInterfaceOrientations_iPhone = "UIInterfaceOrientationPortrait UIInterfaceOrientationLandscapeLeft UIInterfaceOrientationLandscapeRight";
				LD_RUNPATH_SEARCH_PATHS = (
					"$(inherited)",
					"@executable_path/Frameworks",
				);
				MARKETING_VERSION = 1.0;
				PRODUCT_BUNDLE_IDENTIFIER = drull.unblock;
				PRODUCT_NAME = "$(TARGET_NAME)";
				SWIFT_EMIT_LOC_STRINGS = YES;
				SWIFT_VERSION = 5.0;
				TARGETED_DEVICE_FAMILY = "1,2";
			};
			name = Debug;
		};
		EF11B0052AD4A3A8004CB77E /* Release */ = {
			isa = XCBuildConfiguration;
			buildSettings = {
				ASSETCATALOG_COMPILER_APPICON_NAME = AppIcon;
				ASSETCATALOG_COMPILER_GLOBAL_ACCENT_COLOR_NAME = AccentColor;
				CODE_SIGN_STYLE = Automatic;
				CURRENT_PROJECT_VERSION = 1;
				DEVELOPMENT_ASSET_PATHS = "\"unblock/Preview Content\"";
				ENABLE_PREVIEWS = YES;
				GENERATE_INFOPLIST_FILE = YES;
				INFOPLIST_KEY_UIApplicationSceneManifest_Generation = YES;
				INFOPLIST_KEY_UIApplicationSupportsIndirectInputEvents = YES;
				INFOPLIST_KEY_UILaunchScreen_Generation = YES;
				INFOPLIST_KEY_UISupportedInterfaceOrientations_iPad = "UIInterfaceOrientationPortrait UIInterfaceOrientationPortraitUpsideDown UIInterfaceOrientationLandscapeLeft UIInterfaceOrientationLandscapeRight";
				INFOPLIST_KEY_UISupportedInterfaceOrientations_iPhone = "UIInterfaceOrientationPortrait UIInterfaceOrientationLandscapeLeft UIInterfaceOrientationLandscapeRight";
				LD_RUNPATH_SEARCH_PATHS = (
					"$(inherited)",
					"@executable_path/Frameworks",
				);
				MARKETING_VERSION = 1.0;
				PRODUCT_BUNDLE_IDENTIFIER = drull.unblock;
				PRODUCT_NAME = "$(TARGET_NAME)";
				SWIFT_EMIT_LOC_STRINGS = YES;
				SWIFT_VERSION = 5.0;
				TARGETED_DEVICE_FAMILY = "1,2";
			};
			name = Release;
		};
/* End XCBuildConfiguration section */

/* Begin XCConfigurationList section */
		EF11AFF02AD4A3A7004CB77E /* Build configuration list for PBXProject "unblock" */ = {
			isa = XCConfigurationList;
			buildConfigurations = (
				EF11B0012AD4A3A8004CB77E /* Debug */,
				EF11B0022AD4A3A8004CB77E /* Release */,
			);
			defaultConfigurationIsVisible = 0;
			defaultConfigurationName = Release;
		};
		EF11B0032AD4A3A8004CB77E /* Build configuration list for PBXNativeTarget "unblock" */ = {
			isa = XCConfigurationList;
			buildConfigurations = (
				EF11B0042AD4A3A8004CB77E /* Debug */,
				EF11B0052AD4A3A8004CB77E /* Release */,
			);
			defaultConfigurationIsVisible = 0;
			defaultConfigurationName = Release;
		};
/* End XCConfigurationList section */
	};
	rootObject = EF11AFED2AD4A3A7004CB77E /* Project object */;
}
